
Microsoft Visual Studio Solution File, Format Version 12.00
# Visual Studio Version 16
VisualStudioVersion = 16.0.28803.352
MinimumVisualStudioVersion = 10.0.40219.1
Project("{2150E333-8FDC-42A3-9474-1A3956D46DE8}") = "Samples", "Samples", "{9D01FD8B-ECFE-49BE-BA03-9FAA9C61128B}"
EndProject
Project("{9A19103F-16F7-4668-BE54-9A1E7A4F7556}") = "Samples", "src\Samples\Samples\Samples.csproj", "{D939A54E-F862-4B24-8CCF-1504134C12A8}"
EndProject
Project("{9A19103F-16F7-4668-BE54-9A1E7A4F7556}") = "Samples.Integration.Tests", "src\Samples\Samples.Integration.Tests\Samples.Integration.Tests.csproj", "{A165F379-C215-49B4-99E1-2F1F3BDEDDB4}"
	ProjectSection(ProjectDependencies) = postProject
		{D939A54E-F862-4B24-8CCF-1504134C12A8} = {D939A54E-F862-4B24-8CCF-1504134C12A8}
	EndProjectSection
EndProject
Project("{9A19103F-16F7-4668-BE54-9A1E7A4F7556}") = "Samples.Tests", "src\Samples\Samples.Tests\Samples.Tests.csproj", "{49A48ABE-D1FC-418B-A5EC-EEA05697A610}"
EndProject
Project("{2150E333-8FDC-42A3-9474-1A3956D46DE8}") = ".build", ".build", "{2F98833B-3F8B-41E1-BCA6-06DF03806103}"
	ProjectSection(SolutionItems) = preProject
		Directory.Build.props = Directory.Build.props
		global.json = global.json
	EndProjectSection
EndProject
Project("{2150E333-8FDC-42A3-9474-1A3956D46DE8}") = "Punktacja", "Punktacja", "{EE4B37E4-E5AC-435B-BAC6-773443894A37}"
EndProject
Project("{9A19103F-16F7-4668-BE54-9A1E7A4F7556}") = "Punktacja", "src\Punktacja\Punktacja\Punktacja.csproj", "{4FC4954B-C8AF-4159-8B6E-24F11C605690}"
EndProject
Project("{9A19103F-16F7-4668-BE54-9A1E7A4F7556}") = "Punktacja.Integration.Tests", "src\Punktacja\Punktacja.Tests\Punktacja.Integration.Tests.csproj", "{2F8DAAEB-FC29-42E8-AC6D-26F7DCC8D05C}"
	ProjectSection(ProjectDependencies) = postProject
		{4FC4954B-C8AF-4159-8B6E-24F11C605690} = {4FC4954B-C8AF-4159-8B6E-24F11C605690}
	EndProjectSection
EndProject
Project("{2150E333-8FDC-42A3-9474-1A3956D46DE8}") = "Soneta.Szkolenie", "Soneta.Szkolenie", "{A82FAF26-B549-4058-86A3-B4EA4EEEB7BD}"
EndProject
Project("{9A19103F-16F7-4668-BE54-9A1E7A4F7556}") = "Soneta.Szkolenie", "src\Soneta.Szkolenie\Soneta.Szkolenie\Soneta.Szkolenie.csproj", "{5110FB90-B5CA-48B9-B518-CB2764F4CA5F}"
EndProject
Project("{9A19103F-16F7-4668-BE54-9A1E7A4F7556}") = "Soneta.Szkolenie.UI", "src\Soneta.Szkolenie\Soneta.Szkolenie.UI\Soneta.Szkolenie.UI.csproj", "{9F525776-985A-4D51-8B92-E530B97D9545}"
EndProject
Project("{9A19103F-16F7-4668-BE54-9A1E7A4F7556}") = "Soneta.Szkolenie.Tests", "src\Soneta.Szkolenie\Soneta.Szkolenie.Tests\Soneta.Szkolenie.Tests.csproj", "{CE036F3E-32C3-45B6-A7C3-2F01442CD5F7}"
	ProjectSection(ProjectDependencies) = postProject
		{5110FB90-B5CA-48B9-B518-CB2764F4CA5F} = {5110FB90-B5CA-48B9-B518-CB2764F4CA5F}
	EndProjectSection
EndProject
Project("{2150E333-8FDC-42A3-9474-1A3956D46DE8}") = "FilesOperations", "FilesOperations", "{0E8EBB14-1B5B-4695-8924-C567352FE1B3}"
EndProject
Project("{9A19103F-16F7-4668-BE54-9A1E7A4F7556}") = "SaveDataFromList", "src\FilesOperations\SaveDataFromList\SaveDataFromList.csproj", "{617BFEFC-31DE-450A-8CBE-23841EF3DFE8}"
EndProject
Project("{9A19103F-16F7-4668-BE54-9A1E7A4F7556}") = "SaveInvoicesGroupingByContractor", "src\FilesOperations\SaveInvoicesGroupingByContractor\SaveInvoicesGroupingByContractor.csproj", "{997696F9-1F53-46F6-92B7-85174830F3A7}"
EndProject
Project("{9A19103F-16F7-4668-BE54-9A1E7A4F7556}") = "ReadFileFromList", "src\FilesOperations\ReadFileFromList\ReadFileFromList.csproj", "{CC481775-AF23-4F08-95D6-2C9E852E02E6}"
EndProject
Project("{2150E333-8FDC-42A3-9474-1A3956D46DE8}") = "Links", "Links", "{AD0E4141-388E-4BC0-B14B-CE4E4A47E3C8}"
EndProject
Project("{9A19103F-16F7-4668-BE54-9A1E7A4F7556}") = "Links", "src\Links\Links.csproj", "{7631D5D4-757D-4C14-8870-7B79E5781816}"
EndProject
Project("{2150E333-8FDC-42A3-9474-1A3956D46DE8}") = "IncludeRender", "IncludeRender", "{568903E3-F606-4503-8B3B-32490DD5613D}"
EndProject
Project("{2150E333-8FDC-42A3-9474-1A3956D46DE8}") = "Solution Items", "Solution Items", "{007131D3-54C6-4B50-8ECE-3B17980A5937}"
EndProject
Project("{9A19103F-16F7-4668-BE54-9A1E7A4F7556}") = "IncludeRender.UI", "src\IncludeRender\IncludeRender.UI\IncludeRender.UI.csproj", "{A0333590-7761-4E9A-B772-B8833A77A64D}"
EndProject
Project("{2150E333-8FDC-42A3-9474-1A3956D46DE8}") = "PrzykladHandel", "PrzykladHandel", "{EEB5B3A7-ED20-4F4C-87A4-72A108033C0D}"
EndProject
Project("{FAE04EC0-301F-11D3-BF4B-00C04F79EFBC}") = "PrzykladHandel", "src\PrzykladHandel\PrzykladHandel\PrzykladHandel.csproj", "{AFFA6462-AB4D-4720-B70D-8F175B5E55FD}"
EndProject
Global
	GlobalSection(SolutionConfigurationPlatforms) = preSolution
		Debug|Any CPU = Debug|Any CPU
		Release|Any CPU = Release|Any CPU
	EndGlobalSection
	GlobalSection(ProjectConfigurationPlatforms) = postSolution
		{D939A54E-F862-4B24-8CCF-1504134C12A8}.Debug|Any CPU.ActiveCfg = Debug|Any CPU
		{D939A54E-F862-4B24-8CCF-1504134C12A8}.Debug|Any CPU.Build.0 = Debug|Any CPU
		{D939A54E-F862-4B24-8CCF-1504134C12A8}.Release|Any CPU.ActiveCfg = Release|Any CPU
		{D939A54E-F862-4B24-8CCF-1504134C12A8}.Release|Any CPU.Build.0 = Release|Any CPU
		{A165F379-C215-49B4-99E1-2F1F3BDEDDB4}.Debug|Any CPU.ActiveCfg = Debug|Any CPU
		{A165F379-C215-49B4-99E1-2F1F3BDEDDB4}.Debug|Any CPU.Build.0 = Debug|Any CPU
		{A165F379-C215-49B4-99E1-2F1F3BDEDDB4}.Release|Any CPU.ActiveCfg = Release|Any CPU
		{A165F379-C215-49B4-99E1-2F1F3BDEDDB4}.Release|Any CPU.Build.0 = Release|Any CPU
		{49A48ABE-D1FC-418B-A5EC-EEA05697A610}.Debug|Any CPU.ActiveCfg = Debug|Any CPU
		{49A48ABE-D1FC-418B-A5EC-EEA05697A610}.Debug|Any CPU.Build.0 = Debug|Any CPU
		{49A48ABE-D1FC-418B-A5EC-EEA05697A610}.Release|Any CPU.ActiveCfg = Release|Any CPU
		{49A48ABE-D1FC-418B-A5EC-EEA05697A610}.Release|Any CPU.Build.0 = Release|Any CPU
		{4FC4954B-C8AF-4159-8B6E-24F11C605690}.Debug|Any CPU.ActiveCfg = Debug|Any CPU
		{4FC4954B-C8AF-4159-8B6E-24F11C605690}.Debug|Any CPU.Build.0 = Debug|Any CPU
		{4FC4954B-C8AF-4159-8B6E-24F11C605690}.Release|Any CPU.ActiveCfg = Release|Any CPU
		{4FC4954B-C8AF-4159-8B6E-24F11C605690}.Release|Any CPU.Build.0 = Release|Any CPU
		{2F8DAAEB-FC29-42E8-AC6D-26F7DCC8D05C}.Debug|Any CPU.ActiveCfg = Debug|Any CPU
		{2F8DAAEB-FC29-42E8-AC6D-26F7DCC8D05C}.Debug|Any CPU.Build.0 = Debug|Any CPU
		{2F8DAAEB-FC29-42E8-AC6D-26F7DCC8D05C}.Release|Any CPU.ActiveCfg = Release|Any CPU
		{2F8DAAEB-FC29-42E8-AC6D-26F7DCC8D05C}.Release|Any CPU.Build.0 = Release|Any CPU
		{5110FB90-B5CA-48B9-B518-CB2764F4CA5F}.Debug|Any CPU.ActiveCfg = Debug|Any CPU
		{5110FB90-B5CA-48B9-B518-CB2764F4CA5F}.Debug|Any CPU.Build.0 = Debug|Any CPU
		{5110FB90-B5CA-48B9-B518-CB2764F4CA5F}.Release|Any CPU.ActiveCfg = Release|Any CPU
		{5110FB90-B5CA-48B9-B518-CB2764F4CA5F}.Release|Any CPU.Build.0 = Release|Any CPU
		{9F525776-985A-4D51-8B92-E530B97D9545}.Debug|Any CPU.ActiveCfg = Debug|Any CPU
		{9F525776-985A-4D51-8B92-E530B97D9545}.Debug|Any CPU.Build.0 = Debug|Any CPU
		{9F525776-985A-4D51-8B92-E530B97D9545}.Release|Any CPU.ActiveCfg = Release|Any CPU
		{9F525776-985A-4D51-8B92-E530B97D9545}.Release|Any CPU.Build.0 = Release|Any CPU
		{CE036F3E-32C3-45B6-A7C3-2F01442CD5F7}.Debug|Any CPU.ActiveCfg = Debug|Any CPU
		{CE036F3E-32C3-45B6-A7C3-2F01442CD5F7}.Debug|Any CPU.Build.0 = Debug|Any CPU
		{CE036F3E-32C3-45B6-A7C3-2F01442CD5F7}.Release|Any CPU.ActiveCfg = Release|Any CPU
		{CE036F3E-32C3-45B6-A7C3-2F01442CD5F7}.Release|Any CPU.Build.0 = Release|Any CPU
		{617BFEFC-31DE-450A-8CBE-23841EF3DFE8}.Debug|Any CPU.ActiveCfg = Debug|Any CPU
		{617BFEFC-31DE-450A-8CBE-23841EF3DFE8}.Debug|Any CPU.Build.0 = Debug|Any CPU
		{617BFEFC-31DE-450A-8CBE-23841EF3DFE8}.Release|Any CPU.ActiveCfg = Release|Any CPU
		{617BFEFC-31DE-450A-8CBE-23841EF3DFE8}.Release|Any CPU.Build.0 = Release|Any CPU
		{997696F9-1F53-46F6-92B7-85174830F3A7}.Debug|Any CPU.ActiveCfg = Debug|Any CPU
		{997696F9-1F53-46F6-92B7-85174830F3A7}.Debug|Any CPU.Build.0 = Debug|Any CPU
		{997696F9-1F53-46F6-92B7-85174830F3A7}.Release|Any CPU.ActiveCfg = Release|Any CPU
		{997696F9-1F53-46F6-92B7-85174830F3A7}.Release|Any CPU.Build.0 = Release|Any CPU
		{CC481775-AF23-4F08-95D6-2C9E852E02E6}.Debug|Any CPU.ActiveCfg = Debug|Any CPU
		{CC481775-AF23-4F08-95D6-2C9E852E02E6}.Debug|Any CPU.Build.0 = Debug|Any CPU
		{CC481775-AF23-4F08-95D6-2C9E852E02E6}.Release|Any CPU.ActiveCfg = Release|Any CPU
		{CC481775-AF23-4F08-95D6-2C9E852E02E6}.Release|Any CPU.Build.0 = Release|Any CPU
		{7631D5D4-757D-4C14-8870-7B79E5781816}.Debug|Any CPU.ActiveCfg = Debug|Any CPU
		{7631D5D4-757D-4C14-8870-7B79E5781816}.Debug|Any CPU.Build.0 = Debug|Any CPU
		{7631D5D4-757D-4C14-8870-7B79E5781816}.Release|Any CPU.ActiveCfg = Release|Any CPU
		{7631D5D4-757D-4C14-8870-7B79E5781816}.Release|Any CPU.Build.0 = Release|Any CPU
		{A0333590-7761-4E9A-B772-B8833A77A64D}.Debug|Any CPU.ActiveCfg = Debug|Any CPU
		{A0333590-7761-4E9A-B772-B8833A77A64D}.Debug|Any CPU.Build.0 = Debug|Any CPU
		{A0333590-7761-4E9A-B772-B8833A77A64D}.Release|Any CPU.ActiveCfg = Release|Any CPU
		{A0333590-7761-4E9A-B772-B8833A77A64D}.Release|Any CPU.Build.0 = Release|Any CPU
		{AFFA6462-AB4D-4720-B70D-8F175B5E55FD}.Debug|Any CPU.ActiveCfg = Debug|Any CPU
		{AFFA6462-AB4D-4720-B70D-8F175B5E55FD}.Debug|Any CPU.Build.0 = Debug|Any CPU
		{AFFA6462-AB4D-4720-B70D-8F175B5E55FD}.Release|Any CPU.ActiveCfg = Release|Any CPU
		{AFFA6462-AB4D-4720-B70D-8F175B5E55FD}.Release|Any CPU.Build.0 = Release|Any CPU
	EndGlobalSection
	GlobalSection(SolutionProperties) = preSolution
		HideSolutionNode = FALSE
	EndGlobalSection
	GlobalSection(NestedProjects) = preSolution
		{D939A54E-F862-4B24-8CCF-1504134C12A8} = {9D01FD8B-ECFE-49BE-BA03-9FAA9C61128B}
		{A165F379-C215-49B4-99E1-2F1F3BDEDDB4} = {9D01FD8B-ECFE-49BE-BA03-9FAA9C61128B}
		{49A48ABE-D1FC-418B-A5EC-EEA05697A610} = {9D01FD8B-ECFE-49BE-BA03-9FAA9C61128B}
		{4FC4954B-C8AF-4159-8B6E-24F11C605690} = {EE4B37E4-E5AC-435B-BAC6-773443894A37}
		{2F8DAAEB-FC29-42E8-AC6D-26F7DCC8D05C} = {EE4B37E4-E5AC-435B-BAC6-773443894A37}
		{5110FB90-B5CA-48B9-B518-CB2764F4CA5F} = {A82FAF26-B549-4058-86A3-B4EA4EEEB7BD}
		{9F525776-985A-4D51-8B92-E530B97D9545} = {A82FAF26-B549-4058-86A3-B4EA4EEEB7BD}
		{CE036F3E-32C3-45B6-A7C3-2F01442CD5F7} = {A82FAF26-B549-4058-86A3-B4EA4EEEB7BD}
		{617BFEFC-31DE-450A-8CBE-23841EF3DFE8} = {0E8EBB14-1B5B-4695-8924-C567352FE1B3}
		{997696F9-1F53-46F6-92B7-85174830F3A7} = {0E8EBB14-1B5B-4695-8924-C567352FE1B3}
		{CC481775-AF23-4F08-95D6-2C9E852E02E6} = {0E8EBB14-1B5B-4695-8924-C567352FE1B3}
		{7631D5D4-757D-4C14-8870-7B79E5781816} = {AD0E4141-388E-4BC0-B14B-CE4E4A47E3C8}
		{A0333590-7761-4E9A-B772-B8833A77A64D} = {568903E3-F606-4503-8B3B-32490DD5613D}
		{AFFA6462-AB4D-4720-B70D-8F175B5E55FD} = {EEB5B3A7-ED20-4F4C-87A4-72A108033C0D}
	EndGlobalSection
	GlobalSection(ExtensibilityGlobals) = postSolution
		SolutionGuid = {CAFA3D20-F417-4EDD-88F6-F850D5CF3A51}
	EndGlobalSection
EndGlobal
