
Microsoft Visual Studio Solution File, Format Version 12.00
# Visual Studio Version 16
VisualStudioVersion = 16.0.28803.352
MinimumVisualStudioVersion = 10.0.40219.1
Project("{2150E333-8FDC-42A3-9474-1A3956D46DE8}") = "Samples", "Samples", "{9D01FD8B-ECFE-49BE-BA03-9FAA9C61128B}"
EndProject
Project("{9A19103F-16F7-4668-BE54-9A1E7A4F7556}") = "Samples", "src\Samples\Samples\Samples.csproj", "{D939A54E-F862-4B24-8CCF-1504134C12A8}"
EndProject
Project("{9A19103F-16F7-4668-BE54-9A1E7A4F7556}") = "Samples.Integration.Tests", "src\Samples\Samples.Integration.Tests\Samples.Integration.Tests.csproj", "{A165F379-C215-49B4-99E1-2F1F3BDEDDB4}"
	ProjectSection(ProjectDependencies) = postProject
		{D939A54E-F862-4B24-8CCF-1504134C12A8} = {D939A54E-F862-4B24-8CCF-1504134C12A8}
	EndProjectSection
EndProject
Project("{9A19103F-16F7-4668-BE54-9A1E7A4F7556}") = "Samples.Tests", "src\Samples\Samples.Tests\Samples.Tests.csproj", "{49A48ABE-D1FC-418B-A5EC-EEA05697A610}"
EndProject
Project("{2150E333-8FDC-42A3-9474-1A3956D46DE8}") = ".build", ".build", "{2F98833B-3F8B-41E1-BCA6-06DF03806103}"
	ProjectSection(SolutionItems) = preProject
		Directory.Build.props = Directory.Build.props
		global.json = global.json
	EndProjectSection
EndProject
Project("{2150E333-8FDC-42A3-9474-1A3956D46DE8}") = "Punktacja", "Punktacja", "{EE4B37E4-E5AC-435B-BAC6-773443894A37}"
EndProject
Project("{9A19103F-16F7-4668-BE54-9A1E7A4F7556}") = "Punktacja", "src\Punktacja\Punktacja\Punktacja.csproj", "{4FC4954B-C8AF-4159-8B6E-24F11C605690}"
EndProject
Project("{9A19103F-16F7-4668-BE54-9A1E7A4F7556}") = "Punktacja.Integration.Tests", "src\Punktacja\Punktacja.Tests\Punktacja.Integration.Tests.csproj", "{2F8DAAEB-FC29-42E8-AC6D-26F7DCC8D05C}"
	ProjectSection(ProjectDependencies) = postProject
		{4FC4954B-C8AF-4159-8B6E-24F11C605690} = {4FC4954B-C8AF-4159-8B6E-24F11C605690}
	EndProjectSection
EndProject
Project("{2150E333-8FDC-42A3-9474-1A3956D46DE8}") = "Soneta.Szkolenie", "Soneta.Szkolenie", "{A82FAF26-B549-4058-86A3-B4EA4EEEB7BD}"
EndProject
Project("{9A19103F-16F7-4668-BE54-9A1E7A4F7556}") = "Soneta.Szkolenie", "src\Soneta.Szkolenie\Soneta.Szkolenie\Soneta.Szkolenie.csproj", "{5110FB90-B5CA-48B9-B518-CB2764F4CA5F}"
EndProject
Project("{9A19103F-16F7-4668-BE54-9A1E7A4F7556}") = "Soneta.Szkolenie.UI", "src\Soneta.Szkolenie\Soneta.Szkolenie.UI\Soneta.Szkolenie.UI.csproj", "{9F525776-985A-4D51-8B92-E530B97D9545}"
EndProject
Project("{9A19103F-16F7-4668-BE54-9A1E7A4F7556}") = "Soneta.Szkolenie.Tests", "src\Soneta.Szkolenie\Soneta.Szkolenie.Tests\Soneta.Szkolenie.Tests.csproj", "{CE036F3E-32C3-45B6-A7C3-2F01442CD5F7}"
	ProjectSection(ProjectDependencies) = postProject
		{5110FB90-B5CA-48B9-B518-CB2764F4CA5F} = {5110FB90-B5CA-48B9-B518-CB2764F4CA5F}
	EndProjectSection
EndProject
Project("{2150E333-8FDC-42A3-9474-1A3956D46DE8}") = "Solution Items", "Solution Items", "{9988A292-3657-421B-BFBA-55C479DE1216}"
EndProject
Project("{2150E333-8FDC-42A3-9474-1A3956D46DE8}") = "Example2", "Example2", "{170192A9-6512-46E0-843E-F1E4184C24D4}"
	ProjectSection(SolutionItems) = preProject
		src\Example2\Readme.md = src\Example2\Readme.md
	EndProjectSection
EndProject
Project("{9A19103F-16F7-4668-BE54-9A1E7A4F7556}") = "Example2", "src\Example2\Example2\Example2.csproj", "{AE8400E0-6DE5-4857-9306-28C29C089A44}"
EndProject
Project("{9A19103F-16F7-4668-BE54-9A1E7A4F7556}") = "Example2.UI", "src\Example2\Example2.UI\Example2.UI.csproj", "{C13484B2-8653-4424-A3C8-A4C8E7EBC6F3}"
EndProject
Project("{9A19103F-16F7-4668-BE54-9A1E7A4F7556}") = "Example2.Tests", "src\Example2\Example2.Tests\Example2.Tests.csproj", "{69218F9E-6DF2-4489-9B5F-4CCB3209E627}"
EndProject
Project("{2150E333-8FDC-42A3-9474-1A3956D46DE8}") = "Example1", "Example1", "{C436FCE2-9D48-4A6C-B4D1-FEA65F362562}"
	ProjectSection(SolutionItems) = preProject
		src\Example1\README.md = src\Example1\README.md
	EndProjectSection
EndProject
Project("{9A19103F-16F7-4668-BE54-9A1E7A4F7556}") = "Example1", "src\Example1\Example1\Example1.csproj", "{7FB5AE53-C4D0-4B84-97F0-2BC5873CCEF6}"
EndProject
Project("{9A19103F-16F7-4668-BE54-9A1E7A4F7556}") = "Example1.UI", "src\Example1\Example1.UI\Example1.UI.csproj", "{359D3C43-5D95-4031-B693-392745618E36}"
EndProject
Project("{9A19103F-16F7-4668-BE54-9A1E7A4F7556}") = "Example1.Tests", "src\Example1\Example1.Tests\Example1.Tests.csproj", "{7E96485D-CD13-4E85-8830-1ECDAC687679}"
EndProject
Project("{2150E333-8FDC-42A3-9474-1A3956D46DE8}") = "Example3", "Example3", "{6BA3954F-A731-44F3-B8B9-93253321CE9E}"
	ProjectSection(SolutionItems) = preProject
		src\Example3\Readme.md = src\Example3\Readme.md
	EndProjectSection
EndProject
Project("{9A19103F-16F7-4668-BE54-9A1E7A4F7556}") = "Example3", "src\Example3\Example3\Example3.csproj", "{2F6258C6-DF86-412C-945F-DB6728FBB7D5}"
EndProject
Project("{9A19103F-16F7-4668-BE54-9A1E7A4F7556}") = "Example3.UI", "src\Example3\Example3.UI\Example3.UI.csproj", "{757906CE-6C18-457E-9979-713B372CFD18}"
EndProject
Project("{9A19103F-16F7-4668-BE54-9A1E7A4F7556}") = "Example3.Tests", "src\Example3\Example3.Tests\Example3.Tests.csproj", "{FE3FCDBF-93F8-4BA1-A494-387E2DBC2DD0}"
EndProject
Project("{2150E333-8FDC-42A3-9474-1A3956D46DE8}") = "Example4", "Example4", "{690B0B2F-9184-4047-9F47-8408ADDB0EE4}"
	ProjectSection(SolutionItems) = preProject
		src\Example4\Readme.md = src\Example4\Readme.md
	EndProjectSection
EndProject
Project("{9A19103F-16F7-4668-BE54-9A1E7A4F7556}") = "Example4", "src\Example4\Example4\Example4.csproj", "{B6EF0217-7110-4CEA-9450-B30D8F3D55E5}"
EndProject
Project("{9A19103F-16F7-4668-BE54-9A1E7A4F7556}") = "Example4.UI", "src\Example4\Example4.UI\Example4.UI.csproj", "{9D33DA69-0D14-4442-8DAE-2FE528AA962B}"
EndProject
Project("{9A19103F-16F7-4668-BE54-9A1E7A4F7556}") = "Example4.Tests", "src\Example4\Example4.Tests\Example4.Tests.csproj", "{BC71E9BE-8765-4444-A16E-E786EAB6CF7F}"
EndProject
Project("{2150E333-8FDC-42A3-9474-1A3956D46DE8}") = "Example5", "Example5", "{41C4BA4C-C3B5-4AA6-9C44-2EEC916B86A2}"
	ProjectSection(SolutionItems) = preProject
		src\Example5\Readme.md = src\Example5\Readme.md
	EndProjectSection
EndProject
Project("{9A19103F-16F7-4668-BE54-9A1E7A4F7556}") = "Example5.Config", "src\Example5\Example5.Config\Example5.Config.csproj", "{98856534-6E7D-4A81-BDEF-5F9493CFC2FF}"
EndProject
Project("{9A19103F-16F7-4668-BE54-9A1E7A4F7556}") = "Example5", "src\Example5\Example5\Example5.csproj", "{D079568A-C4A5-4F6B-A80C-8FA45D4FA0E7}"
EndProject
Project("{9A19103F-16F7-4668-BE54-9A1E7A4F7556}") = "Example5.UI", "src\Example5\Example5.UI\Example5.UI.csproj", "{26C693A4-2DFE-4BB9-9484-1F88F037F994}"
EndProject
Project("{9A19103F-16F7-4668-BE54-9A1E7A4F7556}") = "Example5.Tests", "src\Example5\Example5.Tests\Example5.Tests.csproj", "{35BFCDB3-E35A-4619-9F9F-454CC430A403}"
EndProject
Project("{2150E333-8FDC-42A3-9474-1A3956D46DE8}") = "Example6", "Example6", "{DF9DC272-8E6D-4CD6-BE55-0FD8AFBA1543}"
	ProjectSection(SolutionItems) = preProject
		src\Example6\Readme.md = src\Example6\Readme.md
	EndProjectSection
EndProject
Project("{9A19103F-16F7-4668-BE54-9A1E7A4F7556}") = "Example6", "src\Example6\Example6\Example6.csproj", "{96F95100-CD7D-4A42-8D94-E7AC7C91E2A8}"
EndProject
Project("{9A19103F-16F7-4668-BE54-9A1E7A4F7556}") = "Example6.UI", "src\Example6\Example6.UI\Example6.UI.csproj", "{33313A3A-7423-4FEA-9C51-93928A4655DA}"
EndProject
Project("{9A19103F-16F7-4668-BE54-9A1E7A4F7556}") = "Example6.Tests", "src\Example6\Example6.Tests\Example6.Tests.csproj", "{39A516AD-9A04-4121-B519-88284D4C0BB7}"
EndProject
Project("{2150E333-8FDC-42A3-9474-1A3956D46DE8}") = "Example7", "Example7", "{C1E3F91E-8F66-4AF9-88EE-4116E2445542}"
	ProjectSection(SolutionItems) = preProject
		src\Example7\Readme.md = src\Example7\Readme.md
	EndProjectSection
EndProject
Project("{9A19103F-16F7-4668-BE54-9A1E7A4F7556}") = "Example7", "src\Example7\Example7\Example7.csproj", "{AF462CC2-86F4-454F-AD40-871CB945B741}"
EndProject
Project("{9A19103F-16F7-4668-BE54-9A1E7A4F7556}") = "Example7.UI", "src\Example7\Example7.UI\Example7.UI.csproj", "{9140DBE8-468D-4A3A-88CB-E5CAC8E93612}"
EndProject
Project("{9A19103F-16F7-4668-BE54-9A1E7A4F7556}") = "Example7.Tests", "src\Example7\Example7.Tests\Example7.Tests.csproj", "{1C17DDEC-CFD0-4A2E-AD4D-F0536B6CC1E9}"
EndProject
Project("{2150E333-8FDC-42A3-9474-1A3956D46DE8}") = "Example8", "Example8", "{B70C2CCA-794F-4962-9C13-E8A07033BA04}"
	ProjectSection(SolutionItems) = preProject
		src\Example8\Readme.md = src\Example8\Readme.md
	EndProjectSection
EndProject
Project("{9A19103F-16F7-4668-BE54-9A1E7A4F7556}") = "Example8", "src\Example8\Example8\Example8.csproj", "{A0D78F56-7F17-446D-B7CB-575CFE521C9C}"
EndProject
Project("{9A19103F-16F7-4668-BE54-9A1E7A4F7556}") = "Example8.UI", "src\Example8\Example8.UI\Example8.UI.csproj", "{F3242DBA-D695-482C-9DE0-E4A5DF1B7075}"
EndProject
Project("{9A19103F-16F7-4668-BE54-9A1E7A4F7556}") = "Example8.Tests", "src\Example8\Example8.Tests\Example8.Tests.csproj", "{7B38993A-946A-4ADD-A0E7-A9F858B6F084}"
EndProject
Project("{2150E333-8FDC-42A3-9474-1A3956D46DE8}") = "Example9", "Example9", "{4F926038-013A-41CA-AF6A-3237AFA7D90D}"
	ProjectSection(SolutionItems) = preProject
		src\Example9\Readme.md = src\Example9\Readme.md
	EndProjectSection
EndProject
Project("{FAE04EC0-301F-11D3-BF4B-00C04F79EFBC}") = "Example9", "src\Example9\Example9\Example9.csproj", "{79915F94-7CEA-4202-90F2-B0378E6F9073}"
EndProject
Project("{FAE04EC0-301F-11D3-BF4B-00C04F79EFBC}") = "Example9.UI", "src\Example9\Example9.UI\Example9.UI.csproj", "{BF6DF90F-8E0F-4010-A723-D0A69429CC0E}"
EndProject
Project("{FAE04EC0-301F-11D3-BF4B-00C04F79EFBC}") = "Example9.Tests", "src\Example9\Example9.Tests\Example9.Tests.csproj", "{5E1FBA2A-1BF2-4C2F-9F3D-751B67787753}"
EndProject
Project("{2150E333-8FDC-42A3-9474-1A3956D46DE8}") = "Example10", "Example10", "{C342F069-9167-477E-85EE-33307F203AC1}"
	ProjectSection(SolutionItems) = preProject
		src\Example10\Readme.md = src\Example10\Readme.md
	EndProjectSection
EndProject
Project("{FAE04EC0-301F-11D3-BF4B-00C04F79EFBC}") = "Example10", "src\Example10\Example10\Example10.csproj", "{269E2147-1390-49E2-A2A2-8F4293710389}"
EndProject
Project("{FAE04EC0-301F-11D3-BF4B-00C04F79EFBC}") = "Example10.UI", "src\Example10\Example10.UI\Example10.UI.csproj", "{FE619DF2-A254-41E6-8413-4AB906F32A8D}"
EndProject
Project("{FAE04EC0-301F-11D3-BF4B-00C04F79EFBC}") = "Example10.Tests", "src\Example10\Example10.Tests\Example10.Tests.csproj", "{9D9A75F9-6A2B-438A-BE15-66F5BCE69C71}"
EndProject
Global
	GlobalSection(SolutionConfigurationPlatforms) = preSolution
		Debug|Any CPU = Debug|Any CPU
		Debug|x64 = Debug|x64
		Release|Any CPU = Release|Any CPU
		Release|x64 = Release|x64
	EndGlobalSection
	GlobalSection(ProjectConfigurationPlatforms) = postSolution
		{D939A54E-F862-4B24-8CCF-1504134C12A8}.Debug|Any CPU.ActiveCfg = Debug|Any CPU
		{D939A54E-F862-4B24-8CCF-1504134C12A8}.Debug|Any CPU.Build.0 = Debug|Any CPU
		{D939A54E-F862-4B24-8CCF-1504134C12A8}.Debug|x64.ActiveCfg = Debug|Any CPU
		{D939A54E-F862-4B24-8CCF-1504134C12A8}.Debug|x64.Build.0 = Debug|Any CPU
		{D939A54E-F862-4B24-8CCF-1504134C12A8}.Release|Any CPU.ActiveCfg = Release|Any CPU
		{D939A54E-F862-4B24-8CCF-1504134C12A8}.Release|Any CPU.Build.0 = Release|Any CPU
		{D939A54E-F862-4B24-8CCF-1504134C12A8}.Release|x64.ActiveCfg = Release|Any CPU
		{D939A54E-F862-4B24-8CCF-1504134C12A8}.Release|x64.Build.0 = Release|Any CPU
		{A165F379-C215-49B4-99E1-2F1F3BDEDDB4}.Debug|Any CPU.ActiveCfg = Debug|Any CPU
		{A165F379-C215-49B4-99E1-2F1F3BDEDDB4}.Debug|Any CPU.Build.0 = Debug|Any CPU
		{A165F379-C215-49B4-99E1-2F1F3BDEDDB4}.Debug|x64.ActiveCfg = Debug|Any CPU
		{A165F379-C215-49B4-99E1-2F1F3BDEDDB4}.Debug|x64.Build.0 = Debug|Any CPU
		{A165F379-C215-49B4-99E1-2F1F3BDEDDB4}.Release|Any CPU.ActiveCfg = Release|Any CPU
		{A165F379-C215-49B4-99E1-2F1F3BDEDDB4}.Release|Any CPU.Build.0 = Release|Any CPU
		{A165F379-C215-49B4-99E1-2F1F3BDEDDB4}.Release|x64.ActiveCfg = Release|Any CPU
		{A165F379-C215-49B4-99E1-2F1F3BDEDDB4}.Release|x64.Build.0 = Release|Any CPU
		{49A48ABE-D1FC-418B-A5EC-EEA05697A610}.Debug|Any CPU.ActiveCfg = Debug|Any CPU
		{49A48ABE-D1FC-418B-A5EC-EEA05697A610}.Debug|Any CPU.Build.0 = Debug|Any CPU
		{49A48ABE-D1FC-418B-A5EC-EEA05697A610}.Debug|x64.ActiveCfg = Debug|Any CPU
		{49A48ABE-D1FC-418B-A5EC-EEA05697A610}.Debug|x64.Build.0 = Debug|Any CPU
		{49A48ABE-D1FC-418B-A5EC-EEA05697A610}.Release|Any CPU.ActiveCfg = Release|Any CPU
		{49A48ABE-D1FC-418B-A5EC-EEA05697A610}.Release|Any CPU.Build.0 = Release|Any CPU
		{49A48ABE-D1FC-418B-A5EC-EEA05697A610}.Release|x64.ActiveCfg = Release|Any CPU
		{49A48ABE-D1FC-418B-A5EC-EEA05697A610}.Release|x64.Build.0 = Release|Any CPU
		{4FC4954B-C8AF-4159-8B6E-24F11C605690}.Debug|Any CPU.ActiveCfg = Debug|Any CPU
		{4FC4954B-C8AF-4159-8B6E-24F11C605690}.Debug|Any CPU.Build.0 = Debug|Any CPU
		{4FC4954B-C8AF-4159-8B6E-24F11C605690}.Debug|x64.ActiveCfg = Debug|Any CPU
		{4FC4954B-C8AF-4159-8B6E-24F11C605690}.Debug|x64.Build.0 = Debug|Any CPU
		{4FC4954B-C8AF-4159-8B6E-24F11C605690}.Release|Any CPU.ActiveCfg = Release|Any CPU
		{4FC4954B-C8AF-4159-8B6E-24F11C605690}.Release|Any CPU.Build.0 = Release|Any CPU
		{4FC4954B-C8AF-4159-8B6E-24F11C605690}.Release|x64.ActiveCfg = Release|Any CPU
		{4FC4954B-C8AF-4159-8B6E-24F11C605690}.Release|x64.Build.0 = Release|Any CPU
		{2F8DAAEB-FC29-42E8-AC6D-26F7DCC8D05C}.Debug|Any CPU.ActiveCfg = Debug|Any CPU
		{2F8DAAEB-FC29-42E8-AC6D-26F7DCC8D05C}.Debug|Any CPU.Build.0 = Debug|Any CPU
		{2F8DAAEB-FC29-42E8-AC6D-26F7DCC8D05C}.Debug|x64.ActiveCfg = Debug|Any CPU
		{2F8DAAEB-FC29-42E8-AC6D-26F7DCC8D05C}.Debug|x64.Build.0 = Debug|Any CPU
		{2F8DAAEB-FC29-42E8-AC6D-26F7DCC8D05C}.Release|Any CPU.ActiveCfg = Release|Any CPU
		{2F8DAAEB-FC29-42E8-AC6D-26F7DCC8D05C}.Release|Any CPU.Build.0 = Release|Any CPU
		{2F8DAAEB-FC29-42E8-AC6D-26F7DCC8D05C}.Release|x64.ActiveCfg = Release|Any CPU
		{2F8DAAEB-FC29-42E8-AC6D-26F7DCC8D05C}.Release|x64.Build.0 = Release|Any CPU
		{5110FB90-B5CA-48B9-B518-CB2764F4CA5F}.Debug|Any CPU.ActiveCfg = Debug|Any CPU
		{5110FB90-B5CA-48B9-B518-CB2764F4CA5F}.Debug|Any CPU.Build.0 = Debug|Any CPU
		{5110FB90-B5CA-48B9-B518-CB2764F4CA5F}.Debug|x64.ActiveCfg = Debug|Any CPU
		{5110FB90-B5CA-48B9-B518-CB2764F4CA5F}.Debug|x64.Build.0 = Debug|Any CPU
		{5110FB90-B5CA-48B9-B518-CB2764F4CA5F}.Release|Any CPU.ActiveCfg = Release|Any CPU
		{5110FB90-B5CA-48B9-B518-CB2764F4CA5F}.Release|Any CPU.Build.0 = Release|Any CPU
		{5110FB90-B5CA-48B9-B518-CB2764F4CA5F}.Release|x64.ActiveCfg = Release|Any CPU
		{5110FB90-B5CA-48B9-B518-CB2764F4CA5F}.Release|x64.Build.0 = Release|Any CPU
		{9F525776-985A-4D51-8B92-E530B97D9545}.Debug|Any CPU.ActiveCfg = Debug|Any CPU
		{9F525776-985A-4D51-8B92-E530B97D9545}.Debug|Any CPU.Build.0 = Debug|Any CPU
		{9F525776-985A-4D51-8B92-E530B97D9545}.Debug|x64.ActiveCfg = Debug|Any CPU
		{9F525776-985A-4D51-8B92-E530B97D9545}.Debug|x64.Build.0 = Debug|Any CPU
		{9F525776-985A-4D51-8B92-E530B97D9545}.Release|Any CPU.ActiveCfg = Release|Any CPU
		{9F525776-985A-4D51-8B92-E530B97D9545}.Release|Any CPU.Build.0 = Release|Any CPU
		{9F525776-985A-4D51-8B92-E530B97D9545}.Release|x64.ActiveCfg = Release|Any CPU
		{9F525776-985A-4D51-8B92-E530B97D9545}.Release|x64.Build.0 = Release|Any CPU
		{CE036F3E-32C3-45B6-A7C3-2F01442CD5F7}.Debug|Any CPU.ActiveCfg = Debug|Any CPU
		{CE036F3E-32C3-45B6-A7C3-2F01442CD5F7}.Debug|Any CPU.Build.0 = Debug|Any CPU
		{CE036F3E-32C3-45B6-A7C3-2F01442CD5F7}.Debug|x64.ActiveCfg = Debug|Any CPU
		{CE036F3E-32C3-45B6-A7C3-2F01442CD5F7}.Debug|x64.Build.0 = Debug|Any CPU
		{CE036F3E-32C3-45B6-A7C3-2F01442CD5F7}.Release|Any CPU.ActiveCfg = Release|Any CPU
		{CE036F3E-32C3-45B6-A7C3-2F01442CD5F7}.Release|Any CPU.Build.0 = Release|Any CPU
		{CE036F3E-32C3-45B6-A7C3-2F01442CD5F7}.Release|x64.ActiveCfg = Release|Any CPU
		{CE036F3E-32C3-45B6-A7C3-2F01442CD5F7}.Release|x64.Build.0 = Release|Any CPU
		{AE8400E0-6DE5-4857-9306-28C29C089A44}.Debug|Any CPU.ActiveCfg = Debug|Any CPU
		{AE8400E0-6DE5-4857-9306-28C29C089A44}.Debug|Any CPU.Build.0 = Debug|Any CPU
		{AE8400E0-6DE5-4857-9306-28C29C089A44}.Debug|x64.ActiveCfg = Debug|Any CPU
		{AE8400E0-6DE5-4857-9306-28C29C089A44}.Debug|x64.Build.0 = Debug|Any CPU
		{AE8400E0-6DE5-4857-9306-28C29C089A44}.Release|Any CPU.ActiveCfg = Release|Any CPU
		{AE8400E0-6DE5-4857-9306-28C29C089A44}.Release|Any CPU.Build.0 = Release|Any CPU
		{AE8400E0-6DE5-4857-9306-28C29C089A44}.Release|x64.ActiveCfg = Release|Any CPU
		{AE8400E0-6DE5-4857-9306-28C29C089A44}.Release|x64.Build.0 = Release|Any CPU
		{C13484B2-8653-4424-A3C8-A4C8E7EBC6F3}.Debug|Any CPU.ActiveCfg = Debug|Any CPU
		{C13484B2-8653-4424-A3C8-A4C8E7EBC6F3}.Debug|Any CPU.Build.0 = Debug|Any CPU
		{C13484B2-8653-4424-A3C8-A4C8E7EBC6F3}.Debug|x64.ActiveCfg = Debug|Any CPU
		{C13484B2-8653-4424-A3C8-A4C8E7EBC6F3}.Debug|x64.Build.0 = Debug|Any CPU
		{C13484B2-8653-4424-A3C8-A4C8E7EBC6F3}.Release|Any CPU.ActiveCfg = Release|Any CPU
		{C13484B2-8653-4424-A3C8-A4C8E7EBC6F3}.Release|Any CPU.Build.0 = Release|Any CPU
		{C13484B2-8653-4424-A3C8-A4C8E7EBC6F3}.Release|x64.ActiveCfg = Release|Any CPU
		{C13484B2-8653-4424-A3C8-A4C8E7EBC6F3}.Release|x64.Build.0 = Release|Any CPU
		{69218F9E-6DF2-4489-9B5F-4CCB3209E627}.Debug|Any CPU.ActiveCfg = Debug|Any CPU
		{69218F9E-6DF2-4489-9B5F-4CCB3209E627}.Debug|Any CPU.Build.0 = Debug|Any CPU
		{69218F9E-6DF2-4489-9B5F-4CCB3209E627}.Debug|x64.ActiveCfg = Debug|Any CPU
		{69218F9E-6DF2-4489-9B5F-4CCB3209E627}.Debug|x64.Build.0 = Debug|Any CPU
		{69218F9E-6DF2-4489-9B5F-4CCB3209E627}.Release|Any CPU.ActiveCfg = Release|Any CPU
		{69218F9E-6DF2-4489-9B5F-4CCB3209E627}.Release|Any CPU.Build.0 = Release|Any CPU
		{69218F9E-6DF2-4489-9B5F-4CCB3209E627}.Release|x64.ActiveCfg = Release|Any CPU
		{69218F9E-6DF2-4489-9B5F-4CCB3209E627}.Release|x64.Build.0 = Release|Any CPU
		{7FB5AE53-C4D0-4B84-97F0-2BC5873CCEF6}.Debug|Any CPU.ActiveCfg = Debug|Any CPU
		{7FB5AE53-C4D0-4B84-97F0-2BC5873CCEF6}.Debug|Any CPU.Build.0 = Debug|Any CPU
		{7FB5AE53-C4D0-4B84-97F0-2BC5873CCEF6}.Debug|x64.ActiveCfg = Debug|Any CPU
		{7FB5AE53-C4D0-4B84-97F0-2BC5873CCEF6}.Debug|x64.Build.0 = Debug|Any CPU
		{7FB5AE53-C4D0-4B84-97F0-2BC5873CCEF6}.Release|Any CPU.ActiveCfg = Release|Any CPU
		{7FB5AE53-C4D0-4B84-97F0-2BC5873CCEF6}.Release|Any CPU.Build.0 = Release|Any CPU
		{7FB5AE53-C4D0-4B84-97F0-2BC5873CCEF6}.Release|x64.ActiveCfg = Release|Any CPU
		{7FB5AE53-C4D0-4B84-97F0-2BC5873CCEF6}.Release|x64.Build.0 = Release|Any CPU
		{359D3C43-5D95-4031-B693-392745618E36}.Debug|Any CPU.ActiveCfg = Debug|Any CPU
		{359D3C43-5D95-4031-B693-392745618E36}.Debug|Any CPU.Build.0 = Debug|Any CPU
		{359D3C43-5D95-4031-B693-392745618E36}.Debug|x64.ActiveCfg = Debug|Any CPU
		{359D3C43-5D95-4031-B693-392745618E36}.Debug|x64.Build.0 = Debug|Any CPU
		{359D3C43-5D95-4031-B693-392745618E36}.Release|Any CPU.ActiveCfg = Release|Any CPU
		{359D3C43-5D95-4031-B693-392745618E36}.Release|Any CPU.Build.0 = Release|Any CPU
		{359D3C43-5D95-4031-B693-392745618E36}.Release|x64.ActiveCfg = Release|Any CPU
		{359D3C43-5D95-4031-B693-392745618E36}.Release|x64.Build.0 = Release|Any CPU
		{7E96485D-CD13-4E85-8830-1ECDAC687679}.Debug|Any CPU.ActiveCfg = Debug|Any CPU
		{7E96485D-CD13-4E85-8830-1ECDAC687679}.Debug|Any CPU.Build.0 = Debug|Any CPU
		{7E96485D-CD13-4E85-8830-1ECDAC687679}.Debug|x64.ActiveCfg = Debug|Any CPU
		{7E96485D-CD13-4E85-8830-1ECDAC687679}.Debug|x64.Build.0 = Debug|Any CPU
		{7E96485D-CD13-4E85-8830-1ECDAC687679}.Release|Any CPU.ActiveCfg = Release|Any CPU
		{7E96485D-CD13-4E85-8830-1ECDAC687679}.Release|Any CPU.Build.0 = Release|Any CPU
		{7E96485D-CD13-4E85-8830-1ECDAC687679}.Release|x64.ActiveCfg = Release|Any CPU
		{7E96485D-CD13-4E85-8830-1ECDAC687679}.Release|x64.Build.0 = Release|Any CPU
		{2F6258C6-DF86-412C-945F-DB6728FBB7D5}.Debug|Any CPU.ActiveCfg = Debug|Any CPU
		{2F6258C6-DF86-412C-945F-DB6728FBB7D5}.Debug|Any CPU.Build.0 = Debug|Any CPU
		{2F6258C6-DF86-412C-945F-DB6728FBB7D5}.Debug|x64.ActiveCfg = Debug|Any CPU
		{2F6258C6-DF86-412C-945F-DB6728FBB7D5}.Debug|x64.Build.0 = Debug|Any CPU
		{2F6258C6-DF86-412C-945F-DB6728FBB7D5}.Release|Any CPU.ActiveCfg = Release|Any CPU
		{2F6258C6-DF86-412C-945F-DB6728FBB7D5}.Release|Any CPU.Build.0 = Release|Any CPU
		{2F6258C6-DF86-412C-945F-DB6728FBB7D5}.Release|x64.ActiveCfg = Release|Any CPU
		{2F6258C6-DF86-412C-945F-DB6728FBB7D5}.Release|x64.Build.0 = Release|Any CPU
		{757906CE-6C18-457E-9979-713B372CFD18}.Debug|Any CPU.ActiveCfg = Debug|Any CPU
		{757906CE-6C18-457E-9979-713B372CFD18}.Debug|Any CPU.Build.0 = Debug|Any CPU
		{757906CE-6C18-457E-9979-713B372CFD18}.Debug|x64.ActiveCfg = Debug|Any CPU
		{757906CE-6C18-457E-9979-713B372CFD18}.Debug|x64.Build.0 = Debug|Any CPU
		{757906CE-6C18-457E-9979-713B372CFD18}.Release|Any CPU.ActiveCfg = Release|Any CPU
		{757906CE-6C18-457E-9979-713B372CFD18}.Release|Any CPU.Build.0 = Release|Any CPU
		{757906CE-6C18-457E-9979-713B372CFD18}.Release|x64.ActiveCfg = Release|Any CPU
		{757906CE-6C18-457E-9979-713B372CFD18}.Release|x64.Build.0 = Release|Any CPU
		{FE3FCDBF-93F8-4BA1-A494-387E2DBC2DD0}.Debug|Any CPU.ActiveCfg = Debug|Any CPU
		{FE3FCDBF-93F8-4BA1-A494-387E2DBC2DD0}.Debug|Any CPU.Build.0 = Debug|Any CPU
		{FE3FCDBF-93F8-4BA1-A494-387E2DBC2DD0}.Debug|x64.ActiveCfg = Debug|Any CPU
		{FE3FCDBF-93F8-4BA1-A494-387E2DBC2DD0}.Debug|x64.Build.0 = Debug|Any CPU
		{FE3FCDBF-93F8-4BA1-A494-387E2DBC2DD0}.Release|Any CPU.ActiveCfg = Release|Any CPU
		{FE3FCDBF-93F8-4BA1-A494-387E2DBC2DD0}.Release|Any CPU.Build.0 = Release|Any CPU
		{FE3FCDBF-93F8-4BA1-A494-387E2DBC2DD0}.Release|x64.ActiveCfg = Release|Any CPU
		{FE3FCDBF-93F8-4BA1-A494-387E2DBC2DD0}.Release|x64.Build.0 = Release|Any CPU
		{B6EF0217-7110-4CEA-9450-B30D8F3D55E5}.Debug|Any CPU.ActiveCfg = Debug|Any CPU
		{B6EF0217-7110-4CEA-9450-B30D8F3D55E5}.Debug|Any CPU.Build.0 = Debug|Any CPU
		{B6EF0217-7110-4CEA-9450-B30D8F3D55E5}.Debug|x64.ActiveCfg = Debug|Any CPU
		{B6EF0217-7110-4CEA-9450-B30D8F3D55E5}.Debug|x64.Build.0 = Debug|Any CPU
		{B6EF0217-7110-4CEA-9450-B30D8F3D55E5}.Release|Any CPU.ActiveCfg = Release|Any CPU
		{B6EF0217-7110-4CEA-9450-B30D8F3D55E5}.Release|Any CPU.Build.0 = Release|Any CPU
		{B6EF0217-7110-4CEA-9450-B30D8F3D55E5}.Release|x64.ActiveCfg = Release|Any CPU
		{B6EF0217-7110-4CEA-9450-B30D8F3D55E5}.Release|x64.Build.0 = Release|Any CPU
		{9D33DA69-0D14-4442-8DAE-2FE528AA962B}.Debug|Any CPU.ActiveCfg = Debug|Any CPU
		{9D33DA69-0D14-4442-8DAE-2FE528AA962B}.Debug|Any CPU.Build.0 = Debug|Any CPU
		{9D33DA69-0D14-4442-8DAE-2FE528AA962B}.Debug|x64.ActiveCfg = Debug|Any CPU
		{9D33DA69-0D14-4442-8DAE-2FE528AA962B}.Debug|x64.Build.0 = Debug|Any CPU
		{9D33DA69-0D14-4442-8DAE-2FE528AA962B}.Release|Any CPU.ActiveCfg = Release|Any CPU
		{9D33DA69-0D14-4442-8DAE-2FE528AA962B}.Release|Any CPU.Build.0 = Release|Any CPU
		{9D33DA69-0D14-4442-8DAE-2FE528AA962B}.Release|x64.ActiveCfg = Release|Any CPU
		{9D33DA69-0D14-4442-8DAE-2FE528AA962B}.Release|x64.Build.0 = Release|Any CPU
		{BC71E9BE-8765-4444-A16E-E786EAB6CF7F}.Debug|Any CPU.ActiveCfg = Debug|Any CPU
		{BC71E9BE-8765-4444-A16E-E786EAB6CF7F}.Debug|Any CPU.Build.0 = Debug|Any CPU
		{BC71E9BE-8765-4444-A16E-E786EAB6CF7F}.Debug|x64.ActiveCfg = Debug|Any CPU
		{BC71E9BE-8765-4444-A16E-E786EAB6CF7F}.Debug|x64.Build.0 = Debug|Any CPU
		{BC71E9BE-8765-4444-A16E-E786EAB6CF7F}.Release|Any CPU.ActiveCfg = Release|Any CPU
		{BC71E9BE-8765-4444-A16E-E786EAB6CF7F}.Release|Any CPU.Build.0 = Release|Any CPU
		{BC71E9BE-8765-4444-A16E-E786EAB6CF7F}.Release|x64.ActiveCfg = Release|Any CPU
		{BC71E9BE-8765-4444-A16E-E786EAB6CF7F}.Release|x64.Build.0 = Release|Any CPU
		{98856534-6E7D-4A81-BDEF-5F9493CFC2FF}.Debug|Any CPU.ActiveCfg = Debug|Any CPU
		{98856534-6E7D-4A81-BDEF-5F9493CFC2FF}.Debug|Any CPU.Build.0 = Debug|Any CPU
		{98856534-6E7D-4A81-BDEF-5F9493CFC2FF}.Debug|x64.ActiveCfg = Debug|Any CPU
		{98856534-6E7D-4A81-BDEF-5F9493CFC2FF}.Release|Any CPU.ActiveCfg = Release|Any CPU
		{98856534-6E7D-4A81-BDEF-5F9493CFC2FF}.Release|Any CPU.Build.0 = Release|Any CPU
		{98856534-6E7D-4A81-BDEF-5F9493CFC2FF}.Release|x64.ActiveCfg = Release|Any CPU
		{D079568A-C4A5-4F6B-A80C-8FA45D4FA0E7}.Debug|Any CPU.ActiveCfg = Debug|Any CPU
		{D079568A-C4A5-4F6B-A80C-8FA45D4FA0E7}.Debug|Any CPU.Build.0 = Debug|Any CPU
		{D079568A-C4A5-4F6B-A80C-8FA45D4FA0E7}.Debug|x64.ActiveCfg = Debug|Any CPU
		{D079568A-C4A5-4F6B-A80C-8FA45D4FA0E7}.Debug|x64.Build.0 = Debug|Any CPU
		{D079568A-C4A5-4F6B-A80C-8FA45D4FA0E7}.Release|Any CPU.ActiveCfg = Release|Any CPU
		{D079568A-C4A5-4F6B-A80C-8FA45D4FA0E7}.Release|Any CPU.Build.0 = Release|Any CPU
		{D079568A-C4A5-4F6B-A80C-8FA45D4FA0E7}.Release|x64.ActiveCfg = Release|Any CPU
		{D079568A-C4A5-4F6B-A80C-8FA45D4FA0E7}.Release|x64.Build.0 = Release|Any CPU
		{26C693A4-2DFE-4BB9-9484-1F88F037F994}.Debug|Any CPU.ActiveCfg = Debug|Any CPU
		{26C693A4-2DFE-4BB9-9484-1F88F037F994}.Debug|Any CPU.Build.0 = Debug|Any CPU
		{26C693A4-2DFE-4BB9-9484-1F88F037F994}.Debug|x64.ActiveCfg = Debug|Any CPU
		{26C693A4-2DFE-4BB9-9484-1F88F037F994}.Debug|x64.Build.0 = Debug|Any CPU
		{26C693A4-2DFE-4BB9-9484-1F88F037F994}.Release|Any CPU.ActiveCfg = Release|Any CPU
		{26C693A4-2DFE-4BB9-9484-1F88F037F994}.Release|Any CPU.Build.0 = Release|Any CPU
		{26C693A4-2DFE-4BB9-9484-1F88F037F994}.Release|x64.ActiveCfg = Release|Any CPU
		{26C693A4-2DFE-4BB9-9484-1F88F037F994}.Release|x64.Build.0 = Release|Any CPU
		{35BFCDB3-E35A-4619-9F9F-454CC430A403}.Debug|Any CPU.ActiveCfg = Debug|Any CPU
		{35BFCDB3-E35A-4619-9F9F-454CC430A403}.Debug|Any CPU.Build.0 = Debug|Any CPU
		{35BFCDB3-E35A-4619-9F9F-454CC430A403}.Debug|x64.ActiveCfg = Debug|Any CPU
		{35BFCDB3-E35A-4619-9F9F-454CC430A403}.Debug|x64.Build.0 = Debug|Any CPU
		{35BFCDB3-E35A-4619-9F9F-454CC430A403}.Release|Any CPU.ActiveCfg = Release|Any CPU
		{35BFCDB3-E35A-4619-9F9F-454CC430A403}.Release|Any CPU.Build.0 = Release|Any CPU
		{35BFCDB3-E35A-4619-9F9F-454CC430A403}.Release|x64.ActiveCfg = Release|Any CPU
		{35BFCDB3-E35A-4619-9F9F-454CC430A403}.Release|x64.Build.0 = Release|Any CPU
		{96F95100-CD7D-4A42-8D94-E7AC7C91E2A8}.Debug|Any CPU.ActiveCfg = Debug|Any CPU
		{96F95100-CD7D-4A42-8D94-E7AC7C91E2A8}.Debug|Any CPU.Build.0 = Debug|Any CPU
		{96F95100-CD7D-4A42-8D94-E7AC7C91E2A8}.Debug|x64.ActiveCfg = Debug|Any CPU
		{96F95100-CD7D-4A42-8D94-E7AC7C91E2A8}.Debug|x64.Build.0 = Debug|Any CPU
		{96F95100-CD7D-4A42-8D94-E7AC7C91E2A8}.Release|Any CPU.ActiveCfg = Release|Any CPU
		{96F95100-CD7D-4A42-8D94-E7AC7C91E2A8}.Release|Any CPU.Build.0 = Release|Any CPU
		{96F95100-CD7D-4A42-8D94-E7AC7C91E2A8}.Release|x64.ActiveCfg = Release|Any CPU
		{96F95100-CD7D-4A42-8D94-E7AC7C91E2A8}.Release|x64.Build.0 = Release|Any CPU
		{33313A3A-7423-4FEA-9C51-93928A4655DA}.Debug|Any CPU.ActiveCfg = Debug|Any CPU
		{33313A3A-7423-4FEA-9C51-93928A4655DA}.Debug|Any CPU.Build.0 = Debug|Any CPU
		{33313A3A-7423-4FEA-9C51-93928A4655DA}.Debug|x64.ActiveCfg = Debug|Any CPU
		{33313A3A-7423-4FEA-9C51-93928A4655DA}.Debug|x64.Build.0 = Debug|Any CPU
		{33313A3A-7423-4FEA-9C51-93928A4655DA}.Release|Any CPU.ActiveCfg = Release|Any CPU
		{33313A3A-7423-4FEA-9C51-93928A4655DA}.Release|Any CPU.Build.0 = Release|Any CPU
		{33313A3A-7423-4FEA-9C51-93928A4655DA}.Release|x64.ActiveCfg = Release|Any CPU
		{33313A3A-7423-4FEA-9C51-93928A4655DA}.Release|x64.Build.0 = Release|Any CPU
		{39A516AD-9A04-4121-B519-88284D4C0BB7}.Debug|Any CPU.ActiveCfg = Debug|Any CPU
		{39A516AD-9A04-4121-B519-88284D4C0BB7}.Debug|Any CPU.Build.0 = Debug|Any CPU
		{39A516AD-9A04-4121-B519-88284D4C0BB7}.Debug|x64.ActiveCfg = Debug|Any CPU
		{39A516AD-9A04-4121-B519-88284D4C0BB7}.Debug|x64.Build.0 = Debug|Any CPU
		{39A516AD-9A04-4121-B519-88284D4C0BB7}.Release|Any CPU.ActiveCfg = Release|Any CPU
		{39A516AD-9A04-4121-B519-88284D4C0BB7}.Release|Any CPU.Build.0 = Release|Any CPU
		{39A516AD-9A04-4121-B519-88284D4C0BB7}.Release|x64.ActiveCfg = Release|Any CPU
		{39A516AD-9A04-4121-B519-88284D4C0BB7}.Release|x64.Build.0 = Release|Any CPU
		{AF462CC2-86F4-454F-AD40-871CB945B741}.Debug|Any CPU.ActiveCfg = Debug|Any CPU
		{AF462CC2-86F4-454F-AD40-871CB945B741}.Debug|Any CPU.Build.0 = Debug|Any CPU
		{AF462CC2-86F4-454F-AD40-871CB945B741}.Debug|x64.ActiveCfg = Debug|x64
		{AF462CC2-86F4-454F-AD40-871CB945B741}.Debug|x64.Build.0 = Debug|x64
		{AF462CC2-86F4-454F-AD40-871CB945B741}.Release|Any CPU.ActiveCfg = Release|Any CPU
		{AF462CC2-86F4-454F-AD40-871CB945B741}.Release|Any CPU.Build.0 = Release|Any CPU
		{AF462CC2-86F4-454F-AD40-871CB945B741}.Release|x64.ActiveCfg = Release|x64
		{AF462CC2-86F4-454F-AD40-871CB945B741}.Release|x64.Build.0 = Release|x64
		{9140DBE8-468D-4A3A-88CB-E5CAC8E93612}.Debug|Any CPU.ActiveCfg = Debug|Any CPU
		{9140DBE8-468D-4A3A-88CB-E5CAC8E93612}.Debug|Any CPU.Build.0 = Debug|Any CPU
		{9140DBE8-468D-4A3A-88CB-E5CAC8E93612}.Debug|x64.ActiveCfg = Debug|Any CPU
		{9140DBE8-468D-4A3A-88CB-E5CAC8E93612}.Debug|x64.Build.0 = Debug|Any CPU
		{9140DBE8-468D-4A3A-88CB-E5CAC8E93612}.Release|Any CPU.ActiveCfg = Release|Any CPU
		{9140DBE8-468D-4A3A-88CB-E5CAC8E93612}.Release|Any CPU.Build.0 = Release|Any CPU
		{9140DBE8-468D-4A3A-88CB-E5CAC8E93612}.Release|x64.ActiveCfg = Release|Any CPU
		{9140DBE8-468D-4A3A-88CB-E5CAC8E93612}.Release|x64.Build.0 = Release|Any CPU
		{1C17DDEC-CFD0-4A2E-AD4D-F0536B6CC1E9}.Debug|Any CPU.ActiveCfg = Debug|Any CPU
		{1C17DDEC-CFD0-4A2E-AD4D-F0536B6CC1E9}.Debug|Any CPU.Build.0 = Debug|Any CPU
		{1C17DDEC-CFD0-4A2E-AD4D-F0536B6CC1E9}.Debug|x64.ActiveCfg = Debug|Any CPU
		{1C17DDEC-CFD0-4A2E-AD4D-F0536B6CC1E9}.Debug|x64.Build.0 = Debug|Any CPU
		{1C17DDEC-CFD0-4A2E-AD4D-F0536B6CC1E9}.Release|Any CPU.ActiveCfg = Release|Any CPU
		{1C17DDEC-CFD0-4A2E-AD4D-F0536B6CC1E9}.Release|Any CPU.Build.0 = Release|Any CPU
		{1C17DDEC-CFD0-4A2E-AD4D-F0536B6CC1E9}.Release|x64.ActiveCfg = Release|Any CPU
		{1C17DDEC-CFD0-4A2E-AD4D-F0536B6CC1E9}.Release|x64.Build.0 = Release|Any CPU
		{A0D78F56-7F17-446D-B7CB-575CFE521C9C}.Debug|Any CPU.ActiveCfg = Debug|Any CPU
		{A0D78F56-7F17-446D-B7CB-575CFE521C9C}.Debug|Any CPU.Build.0 = Debug|Any CPU
		{A0D78F56-7F17-446D-B7CB-575CFE521C9C}.Debug|x64.ActiveCfg = Debug|Any CPU
		{A0D78F56-7F17-446D-B7CB-575CFE521C9C}.Debug|x64.Build.0 = Debug|Any CPU
		{A0D78F56-7F17-446D-B7CB-575CFE521C9C}.Release|Any CPU.ActiveCfg = Release|Any CPU
		{A0D78F56-7F17-446D-B7CB-575CFE521C9C}.Release|Any CPU.Build.0 = Release|Any CPU
		{A0D78F56-7F17-446D-B7CB-575CFE521C9C}.Release|x64.ActiveCfg = Release|Any CPU
		{A0D78F56-7F17-446D-B7CB-575CFE521C9C}.Release|x64.Build.0 = Release|Any CPU
		{F3242DBA-D695-482C-9DE0-E4A5DF1B7075}.Debug|Any CPU.ActiveCfg = Debug|Any CPU
		{F3242DBA-D695-482C-9DE0-E4A5DF1B7075}.Debug|Any CPU.Build.0 = Debug|Any CPU
		{F3242DBA-D695-482C-9DE0-E4A5DF1B7075}.Debug|x64.ActiveCfg = Debug|Any CPU
		{F3242DBA-D695-482C-9DE0-E4A5DF1B7075}.Debug|x64.Build.0 = Debug|Any CPU
		{F3242DBA-D695-482C-9DE0-E4A5DF1B7075}.Release|Any CPU.ActiveCfg = Release|Any CPU
		{F3242DBA-D695-482C-9DE0-E4A5DF1B7075}.Release|Any CPU.Build.0 = Release|Any CPU
		{F3242DBA-D695-482C-9DE0-E4A5DF1B7075}.Release|x64.ActiveCfg = Release|Any CPU
		{F3242DBA-D695-482C-9DE0-E4A5DF1B7075}.Release|x64.Build.0 = Release|Any CPU
		{7B38993A-946A-4ADD-A0E7-A9F858B6F084}.Debug|Any CPU.ActiveCfg = Debug|Any CPU
		{7B38993A-946A-4ADD-A0E7-A9F858B6F084}.Debug|Any CPU.Build.0 = Debug|Any CPU
		{7B38993A-946A-4ADD-A0E7-A9F858B6F084}.Debug|x64.ActiveCfg = Debug|x64
		{7B38993A-946A-4ADD-A0E7-A9F858B6F084}.Debug|x64.Build.0 = Debug|x64
		{7B38993A-946A-4ADD-A0E7-A9F858B6F084}.Release|Any CPU.ActiveCfg = Release|Any CPU
		{7B38993A-946A-4ADD-A0E7-A9F858B6F084}.Release|Any CPU.Build.0 = Release|Any CPU
		{7B38993A-946A-4ADD-A0E7-A9F858B6F084}.Release|x64.ActiveCfg = Release|x64
		{7B38993A-946A-4ADD-A0E7-A9F858B6F084}.Release|x64.Build.0 = Release|x64
		{79915F94-7CEA-4202-90F2-B0378E6F9073}.Debug|Any CPU.ActiveCfg = Debug|Any CPU
		{79915F94-7CEA-4202-90F2-B0378E6F9073}.Debug|Any CPU.Build.0 = Debug|Any CPU
		{79915F94-7CEA-4202-90F2-B0378E6F9073}.Debug|x64.ActiveCfg = Debug|Any CPU
		{79915F94-7CEA-4202-90F2-B0378E6F9073}.Debug|x64.Build.0 = Debug|Any CPU
		{79915F94-7CEA-4202-90F2-B0378E6F9073}.Release|Any CPU.ActiveCfg = Release|Any CPU
		{79915F94-7CEA-4202-90F2-B0378E6F9073}.Release|Any CPU.Build.0 = Release|Any CPU
		{79915F94-7CEA-4202-90F2-B0378E6F9073}.Release|x64.ActiveCfg = Release|Any CPU
		{79915F94-7CEA-4202-90F2-B0378E6F9073}.Release|x64.Build.0 = Release|Any CPU
		{BF6DF90F-8E0F-4010-A723-D0A69429CC0E}.Debug|Any CPU.ActiveCfg = Debug|Any CPU
		{BF6DF90F-8E0F-4010-A723-D0A69429CC0E}.Debug|Any CPU.Build.0 = Debug|Any CPU
		{BF6DF90F-8E0F-4010-A723-D0A69429CC0E}.Debug|x64.ActiveCfg = Debug|Any CPU
		{BF6DF90F-8E0F-4010-A723-D0A69429CC0E}.Debug|x64.Build.0 = Debug|Any CPU
		{BF6DF90F-8E0F-4010-A723-D0A69429CC0E}.Release|Any CPU.ActiveCfg = Release|Any CPU
		{BF6DF90F-8E0F-4010-A723-D0A69429CC0E}.Release|Any CPU.Build.0 = Release|Any CPU
		{BF6DF90F-8E0F-4010-A723-D0A69429CC0E}.Release|x64.ActiveCfg = Release|Any CPU
		{BF6DF90F-8E0F-4010-A723-D0A69429CC0E}.Release|x64.Build.0 = Release|Any CPU
		{5E1FBA2A-1BF2-4C2F-9F3D-751B67787753}.Debug|Any CPU.ActiveCfg = Debug|Any CPU
		{5E1FBA2A-1BF2-4C2F-9F3D-751B67787753}.Debug|Any CPU.Build.0 = Debug|Any CPU
		{5E1FBA2A-1BF2-4C2F-9F3D-751B67787753}.Debug|x64.ActiveCfg = Debug|Any CPU
		{5E1FBA2A-1BF2-4C2F-9F3D-751B67787753}.Debug|x64.Build.0 = Debug|Any CPU
		{5E1FBA2A-1BF2-4C2F-9F3D-751B67787753}.Release|Any CPU.ActiveCfg = Release|Any CPU
		{5E1FBA2A-1BF2-4C2F-9F3D-751B67787753}.Release|Any CPU.Build.0 = Release|Any CPU
		{5E1FBA2A-1BF2-4C2F-9F3D-751B67787753}.Release|x64.ActiveCfg = Release|Any CPU
		{5E1FBA2A-1BF2-4C2F-9F3D-751B67787753}.Release|x64.Build.0 = Release|Any CPU
		{269E2147-1390-49E2-A2A2-8F4293710389}.Debug|Any CPU.ActiveCfg = Debug|Any CPU
		{269E2147-1390-49E2-A2A2-8F4293710389}.Debug|Any CPU.Build.0 = Debug|Any CPU
		{269E2147-1390-49E2-A2A2-8F4293710389}.Debug|x64.ActiveCfg = Debug|Any CPU
		{269E2147-1390-49E2-A2A2-8F4293710389}.Debug|x64.Build.0 = Debug|Any CPU
		{269E2147-1390-49E2-A2A2-8F4293710389}.Release|Any CPU.ActiveCfg = Release|Any CPU
		{269E2147-1390-49E2-A2A2-8F4293710389}.Release|Any CPU.Build.0 = Release|Any CPU
		{269E2147-1390-49E2-A2A2-8F4293710389}.Release|x64.ActiveCfg = Release|Any CPU
		{269E2147-1390-49E2-A2A2-8F4293710389}.Release|x64.Build.0 = Release|Any CPU
		{FE619DF2-A254-41E6-8413-4AB906F32A8D}.Debug|Any CPU.ActiveCfg = Debug|Any CPU
		{FE619DF2-A254-41E6-8413-4AB906F32A8D}.Debug|Any CPU.Build.0 = Debug|Any CPU
		{FE619DF2-A254-41E6-8413-4AB906F32A8D}.Debug|x64.ActiveCfg = Debug|Any CPU
		{FE619DF2-A254-41E6-8413-4AB906F32A8D}.Debug|x64.Build.0 = Debug|Any CPU
		{FE619DF2-A254-41E6-8413-4AB906F32A8D}.Release|Any CPU.ActiveCfg = Release|Any CPU
		{FE619DF2-A254-41E6-8413-4AB906F32A8D}.Release|Any CPU.Build.0 = Release|Any CPU
		{FE619DF2-A254-41E6-8413-4AB906F32A8D}.Release|x64.ActiveCfg = Release|Any CPU
		{FE619DF2-A254-41E6-8413-4AB906F32A8D}.Release|x64.Build.0 = Release|Any CPU
		{9D9A75F9-6A2B-438A-BE15-66F5BCE69C71}.Debug|Any CPU.ActiveCfg = Debug|Any CPU
		{9D9A75F9-6A2B-438A-BE15-66F5BCE69C71}.Debug|Any CPU.Build.0 = Debug|Any CPU
		{9D9A75F9-6A2B-438A-BE15-66F5BCE69C71}.Debug|x64.ActiveCfg = Debug|Any CPU
		{9D9A75F9-6A2B-438A-BE15-66F5BCE69C71}.Debug|x64.Build.0 = Debug|Any CPU
		{9D9A75F9-6A2B-438A-BE15-66F5BCE69C71}.Release|Any CPU.ActiveCfg = Release|Any CPU
		{9D9A75F9-6A2B-438A-BE15-66F5BCE69C71}.Release|Any CPU.Build.0 = Release|Any CPU
		{9D9A75F9-6A2B-438A-BE15-66F5BCE69C71}.Release|x64.ActiveCfg = Release|Any CPU
		{9D9A75F9-6A2B-438A-BE15-66F5BCE69C71}.Release|x64.Build.0 = Release|Any CPU
	EndGlobalSection
	GlobalSection(SolutionProperties) = preSolution
		HideSolutionNode = FALSE
	EndGlobalSection
	GlobalSection(NestedProjects) = preSolution
		{D939A54E-F862-4B24-8CCF-1504134C12A8} = {9D01FD8B-ECFE-49BE-BA03-9FAA9C61128B}
		{A165F379-C215-49B4-99E1-2F1F3BDEDDB4} = {9D01FD8B-ECFE-49BE-BA03-9FAA9C61128B}
		{49A48ABE-D1FC-418B-A5EC-EEA05697A610} = {9D01FD8B-ECFE-49BE-BA03-9FAA9C61128B}
		{4FC4954B-C8AF-4159-8B6E-24F11C605690} = {EE4B37E4-E5AC-435B-BAC6-773443894A37}
		{2F8DAAEB-FC29-42E8-AC6D-26F7DCC8D05C} = {EE4B37E4-E5AC-435B-BAC6-773443894A37}
		{5110FB90-B5CA-48B9-B518-CB2764F4CA5F} = {A82FAF26-B549-4058-86A3-B4EA4EEEB7BD}
		{9F525776-985A-4D51-8B92-E530B97D9545} = {A82FAF26-B549-4058-86A3-B4EA4EEEB7BD}
		{CE036F3E-32C3-45B6-A7C3-2F01442CD5F7} = {A82FAF26-B549-4058-86A3-B4EA4EEEB7BD}
		{AE8400E0-6DE5-4857-9306-28C29C089A44} = {170192A9-6512-46E0-843E-F1E4184C24D4}
		{C13484B2-8653-4424-A3C8-A4C8E7EBC6F3} = {170192A9-6512-46E0-843E-F1E4184C24D4}
		{69218F9E-6DF2-4489-9B5F-4CCB3209E627} = {170192A9-6512-46E0-843E-F1E4184C24D4}
		{7FB5AE53-C4D0-4B84-97F0-2BC5873CCEF6} = {C436FCE2-9D48-4A6C-B4D1-FEA65F362562}
		{359D3C43-5D95-4031-B693-392745618E36} = {C436FCE2-9D48-4A6C-B4D1-FEA65F362562}
		{7E96485D-CD13-4E85-8830-1ECDAC687679} = {C436FCE2-9D48-4A6C-B4D1-FEA65F362562}
		{2F6258C6-DF86-412C-945F-DB6728FBB7D5} = {6BA3954F-A731-44F3-B8B9-93253321CE9E}
		{757906CE-6C18-457E-9979-713B372CFD18} = {6BA3954F-A731-44F3-B8B9-93253321CE9E}
		{FE3FCDBF-93F8-4BA1-A494-387E2DBC2DD0} = {6BA3954F-A731-44F3-B8B9-93253321CE9E}
		{B6EF0217-7110-4CEA-9450-B30D8F3D55E5} = {690B0B2F-9184-4047-9F47-8408ADDB0EE4}
		{9D33DA69-0D14-4442-8DAE-2FE528AA962B} = {690B0B2F-9184-4047-9F47-8408ADDB0EE4}
		{BC71E9BE-8765-4444-A16E-E786EAB6CF7F} = {690B0B2F-9184-4047-9F47-8408ADDB0EE4}
		{98856534-6E7D-4A81-BDEF-5F9493CFC2FF} = {41C4BA4C-C3B5-4AA6-9C44-2EEC916B86A2}
		{D079568A-C4A5-4F6B-A80C-8FA45D4FA0E7} = {41C4BA4C-C3B5-4AA6-9C44-2EEC916B86A2}
		{26C693A4-2DFE-4BB9-9484-1F88F037F994} = {41C4BA4C-C3B5-4AA6-9C44-2EEC916B86A2}
		{35BFCDB3-E35A-4619-9F9F-454CC430A403} = {41C4BA4C-C3B5-4AA6-9C44-2EEC916B86A2}
		{96F95100-CD7D-4A42-8D94-E7AC7C91E2A8} = {DF9DC272-8E6D-4CD6-BE55-0FD8AFBA1543}
		{33313A3A-7423-4FEA-9C51-93928A4655DA} = {DF9DC272-8E6D-4CD6-BE55-0FD8AFBA1543}
		{39A516AD-9A04-4121-B519-88284D4C0BB7} = {DF9DC272-8E6D-4CD6-BE55-0FD8AFBA1543}
		{AF462CC2-86F4-454F-AD40-871CB945B741} = {C1E3F91E-8F66-4AF9-88EE-4116E2445542}
		{9140DBE8-468D-4A3A-88CB-E5CAC8E93612} = {C1E3F91E-8F66-4AF9-88EE-4116E2445542}
		{1C17DDEC-CFD0-4A2E-AD4D-F0536B6CC1E9} = {C1E3F91E-8F66-4AF9-88EE-4116E2445542}
		{A0D78F56-7F17-446D-B7CB-575CFE521C9C} = {B70C2CCA-794F-4962-9C13-E8A07033BA04}
		{F3242DBA-D695-482C-9DE0-E4A5DF1B7075} = {B70C2CCA-794F-4962-9C13-E8A07033BA04}
		{7B38993A-946A-4ADD-A0E7-A9F858B6F084} = {B70C2CCA-794F-4962-9C13-E8A07033BA04}
		{79915F94-7CEA-4202-90F2-B0378E6F9073} = {4F926038-013A-41CA-AF6A-3237AFA7D90D}
		{BF6DF90F-8E0F-4010-A723-D0A69429CC0E} = {4F926038-013A-41CA-AF6A-3237AFA7D90D}
		{5E1FBA2A-1BF2-4C2F-9F3D-751B67787753} = {4F926038-013A-41CA-AF6A-3237AFA7D90D}
		{269E2147-1390-49E2-A2A2-8F4293710389} = {C342F069-9167-477E-85EE-33307F203AC1}
		{FE619DF2-A254-41E6-8413-4AB906F32A8D} = {C342F069-9167-477E-85EE-33307F203AC1}
		{9D9A75F9-6A2B-438A-BE15-66F5BCE69C71} = {C342F069-9167-477E-85EE-33307F203AC1}
	EndGlobalSection
	GlobalSection(ExtensibilityGlobals) = postSolution
		SolutionGuid = {CAFA3D20-F417-4EDD-88F6-F850D5CF3A51}
	EndGlobalSection
EndGlobal
