
Microsoft Visual Studio Solution File, Format Version 12.00
# Visual Studio 15
VisualStudioVersion = 15.0.27428.2043
MinimumVisualStudioVersion = 10.0.40219.1
Project("{FAE04EC0-301F-11D3-BF4B-00C04F79EFBC}") = "Step3", "Step3\Step3.csproj", "{9DC810CE-7196-4189-B0C2-6C4849BACA7F}"
EndProject
Global
	GlobalSection(SolutionConfigurationPlatforms) = preSolution
		Debug|Any CPU = Debug|Any CPU
		Release|Any CPU = Release|Any CPU
	EndGlobalSection
	GlobalSection(ProjectConfigurationPlatforms) = postSolution
		{9DC810CE-7196-4189-B0C2-6C4849BACA7F}.Debug|Any CPU.ActiveCfg = Debug|Any CPU
		{9DC810CE-7196-4189-B0C2-6C4849BACA7F}.Debug|Any CPU.Build.0 = Debug|Any CPU
		{9DC810CE-7196-4189-B0C2-6C4849BACA7F}.Release|Any CPU.ActiveCfg = Release|Any CPU
		{9DC810CE-7196-4189-B0C2-6C4849BACA7F}.Release|Any CPU.Build.0 = Release|Any CPU
	EndGlobalSection
	GlobalSection(SolutionProperties) = preSolution
		HideSolutionNode = FALSE
	EndGlobalSection
	GlobalSection(ExtensibilityGlobals) = postSolution
		SolutionGuid = {98289ABB-87E2-4B9F-9DB1-76BD61687C20}
	EndGlobalSection
EndGlobal
