
Microsoft Visual Studio Solution File, Format Version 12.00
# Visual Studio Version 17
VisualStudioVersion = 17.5.33530.505
MinimumVisualStudioVersion = 10.0.40219.1
Project("{2150E333-8FDC-42A3-9474-1A3956D46DE8}") = "Solution Items", "Solution Items", "{842DC415-5898-4226-BFC9-8827506D3E61}"
	ProjectSection(SolutionItems) = preProject
		Directory.Build.props = Directory.Build.props
		global.json = global.json
	EndProjectSection
EndProject
Project("{9A19103F-16F7-4668-BE54-9A1E7A4F7556}") = "Printout", "Printout\Printout.csproj", "{D4E2EE8F-61BE-45D7-A27D-99ACD330C07B}"
EndProject
Global
	GlobalSection(SolutionConfigurationPlatforms) = preSolution
		Debug|Any CPU = Debug|Any CPU
		Release|Any CPU = Release|Any CPU
	EndGlobalSection
	GlobalSection(ProjectConfigurationPlatforms) = postSolution
		{D4E2EE8F-61BE-45D7-A27D-99ACD330C07B}.Debug|Any CPU.ActiveCfg = Debug|Any CPU
		{D4E2EE8F-61BE-45D7-A27D-99ACD330C07B}.Debug|Any CPU.Build.0 = Debug|Any CPU
		{D4E2EE8F-61BE-45D7-A27D-99ACD330C07B}.Release|Any CPU.ActiveCfg = Release|Any CPU
		{D4E2EE8F-61BE-45D7-A27D-99ACD330C07B}.Release|Any CPU.Build.0 = Release|Any CPU
	EndGlobalSection
	GlobalSection(SolutionProperties) = preSolution
		HideSolutionNode = FALSE
	EndGlobalSection
	GlobalSection(ExtensibilityGlobals) = postSolution
		SolutionGuid = {8EF1897E-5A8D-4C99-A7D9-EEFD3C6A96E1}
	EndGlobalSection
EndGlobal
